
Microsoft Visual Studio Solution File, Format Version 12.00
# Visual Studio 14
VisualStudioVersion = 14.0.25420.1
MinimumVisualStudioVersion = 10.0.40219.1
Project("{8BC9CEB8-8B4A-11D0-8D11-00A0C91BC942}") = "use_stuc", "use_stuc\use_stuc.vcxproj", "{808E0D59-B791-40F0-B0A6-1F97A15AC2C6}"
EndProject
Project("{8BC9CEB8-8B4A-11D0-8D11-00A0C91BC942}") = "use_stui", "use_stui\use_stui.vcxproj", "{95AD1B6E-B7E9-41EB-8A07-94307BF15F1C}"
EndProject
Project("{8BC9CEB8-8B4A-11D0-8D11-00A0C91BC942}") = "worktest", "worktest\worktest.vcxproj", "{D7951B94-6ECD-43E8-BF86-352394BE8015}"
EndProject
Global
	GlobalSection(SolutionConfigurationPlatforms) = preSolution
		Debug|x64 = Debug|x64
		Debug|x86 = Debug|x86
		Release|x64 = Release|x64
		Release|x86 = Release|x86
	EndGlobalSection
	GlobalSection(ProjectConfigurationPlatforms) = postSolution
		{808E0D59-B791-40F0-B0A6-1F97A15AC2C6}.Debug|x64.ActiveCfg = Debug|x64
		{808E0D59-B791-40F0-B0A6-1F97A15AC2C6}.Debug|x64.Build.0 = Debug|x64
		{808E0D59-B791-40F0-B0A6-1F97A15AC2C6}.Debug|x86.ActiveCfg = Debug|Win32
		{808E0D59-B791-40F0-B0A6-1F97A15AC2C6}.Debug|x86.Build.0 = Debug|Win32
		{808E0D59-B791-40F0-B0A6-1F97A15AC2C6}.Release|x64.ActiveCfg = Release|x64
		{808E0D59-B791-40F0-B0A6-1F97A15AC2C6}.Release|x64.Build.0 = Release|x64
		{808E0D59-B791-40F0-B0A6-1F97A15AC2C6}.Release|x86.ActiveCfg = Release|Win32
		{808E0D59-B791-40F0-B0A6-1F97A15AC2C6}.Release|x86.Build.0 = Release|Win32
		{95AD1B6E-B7E9-41EB-8A07-94307BF15F1C}.Debug|x64.ActiveCfg = Debug|x64
		{95AD1B6E-B7E9-41EB-8A07-94307BF15F1C}.Debug|x64.Build.0 = Debug|x64
		{95AD1B6E-B7E9-41EB-8A07-94307BF15F1C}.Debug|x86.ActiveCfg = Debug|Win32
		{95AD1B6E-B7E9-41EB-8A07-94307BF15F1C}.Debug|x86.Build.0 = Debug|Win32
		{95AD1B6E-B7E9-41EB-8A07-94307BF15F1C}.Release|x64.ActiveCfg = Release|x64
		{95AD1B6E-B7E9-41EB-8A07-94307BF15F1C}.Release|x64.Build.0 = Release|x64
		{95AD1B6E-B7E9-41EB-8A07-94307BF15F1C}.Release|x86.ActiveCfg = Release|Win32
		{95AD1B6E-B7E9-41EB-8A07-94307BF15F1C}.Release|x86.Build.0 = Release|Win32
		{D7951B94-6ECD-43E8-BF86-352394BE8015}.Debug|x64.ActiveCfg = Debug|x64
		{D7951B94-6ECD-43E8-BF86-352394BE8015}.Debug|x64.Build.0 = Debug|x64
		{D7951B94-6ECD-43E8-BF86-352394BE8015}.Debug|x86.ActiveCfg = Debug|Win32
		{D7951B94-6ECD-43E8-BF86-352394BE8015}.Debug|x86.Build.0 = Debug|Win32
		{D7951B94-6ECD-43E8-BF86-352394BE8015}.Release|x64.ActiveCfg = Release|x64
		{D7951B94-6ECD-43E8-BF86-352394BE8015}.Release|x64.Build.0 = Release|x64
		{D7951B94-6ECD-43E8-BF86-352394BE8015}.Release|x86.ActiveCfg = Release|Win32
		{D7951B94-6ECD-43E8-BF86-352394BE8015}.Release|x86.Build.0 = Release|Win32
	EndGlobalSection
	GlobalSection(SolutionProperties) = preSolution
		HideSolutionNode = FALSE
	EndGlobalSection
EndGlobal
