
Microsoft Visual Studio Solution File, Format Version 12.00
# Visual Studio 14
VisualStudioVersion = 14.0.25420.1
MinimumVisualStudioVersion = 10.0.40219.1
Project("{8BC9CEB8-8B4A-11D0-8D11-00A0C91BC942}") = "use_stuc", "use_stuc\use_stuc.vcxproj", "{808E0D59-B791-40F0-B0A6-1F97A15AC2C6}"
EndProject
Project("{8BC9CEB8-8B4A-11D0-8D11-00A0C91BC942}") = "use_stui", "use_stui\use_stui.vcxproj", "{95AD1B6E-B7E9-41EB-8A07-94307BF15F1C}"
EndProject
Project("{8BC9CEB8-8B4A-11D0-8D11-00A0C91BC942}") = "worktest", "worktest\worktest.vcxproj", "{D7951B94-6ECD-43E8-BF86-352394BE8015}"
EndProject
Project("{8BC9CEB8-8B4A-11D0-8D11-00A0C91BC942}") = "workmi", "workmi\workmi.vcxproj", "{5B4CA5F8-2F5A-4723-82A7-A6111FB50C14}"
EndProject
Project("{8BC9CEB8-8B4A-11D0-8D11-00A0C91BC942}") = "stacktem", "stacktem\stacktem.vcxproj", "{04F9F0BA-F9C1-4347-9563-0D9BA5C1E57B}"
EndProject
Project("{8BC9CEB8-8B4A-11D0-8D11-00A0C91BC942}") = "stkoptr1", "stkoptr1\stkoptr1.vcxproj", "{B6C69A6F-06AC-4F96-BEDC-B38DB9B8E2C9}"
EndProject
Project("{8BC9CEB8-8B4A-11D0-8D11-00A0C91BC942}") = "twod", "twod\twod.vcxproj", "{5F0E9724-E259-4721-BBB5-25AA67546AB2}"
EndProject
Project("{8BC9CEB8-8B4A-11D0-8D11-00A0C91BC942}") = "pairs", "pairs\pairs.vcxproj", "{74446E3A-580C-44D3-9A65-29E7D897216F}"
EndProject
Project("{8BC9CEB8-8B4A-11D0-8D11-00A0C91BC942}") = "tempmemb", "tempmemb\tempmemb.vcxproj", "{43704A92-0450-4496-91EB-CE20317F043B}"
EndProject
Global
	GlobalSection(SolutionConfigurationPlatforms) = preSolution
		Debug|x64 = Debug|x64
		Debug|x86 = Debug|x86
		Release|x64 = Release|x64
		Release|x86 = Release|x86
	EndGlobalSection
	GlobalSection(ProjectConfigurationPlatforms) = postSolution
		{808E0D59-B791-40F0-B0A6-1F97A15AC2C6}.Debug|x64.ActiveCfg = Debug|x64
		{808E0D59-B791-40F0-B0A6-1F97A15AC2C6}.Debug|x64.Build.0 = Debug|x64
		{808E0D59-B791-40F0-B0A6-1F97A15AC2C6}.Debug|x86.ActiveCfg = Debug|Win32
		{808E0D59-B791-40F0-B0A6-1F97A15AC2C6}.Debug|x86.Build.0 = Debug|Win32
		{808E0D59-B791-40F0-B0A6-1F97A15AC2C6}.Release|x64.ActiveCfg = Release|x64
		{808E0D59-B791-40F0-B0A6-1F97A15AC2C6}.Release|x64.Build.0 = Release|x64
		{808E0D59-B791-40F0-B0A6-1F97A15AC2C6}.Release|x86.ActiveCfg = Release|Win32
		{808E0D59-B791-40F0-B0A6-1F97A15AC2C6}.Release|x86.Build.0 = Release|Win32
		{95AD1B6E-B7E9-41EB-8A07-94307BF15F1C}.Debug|x64.ActiveCfg = Debug|x64
		{95AD1B6E-B7E9-41EB-8A07-94307BF15F1C}.Debug|x64.Build.0 = Debug|x64
		{95AD1B6E-B7E9-41EB-8A07-94307BF15F1C}.Debug|x86.ActiveCfg = Debug|Win32
		{95AD1B6E-B7E9-41EB-8A07-94307BF15F1C}.Debug|x86.Build.0 = Debug|Win32
		{95AD1B6E-B7E9-41EB-8A07-94307BF15F1C}.Release|x64.ActiveCfg = Release|x64
		{95AD1B6E-B7E9-41EB-8A07-94307BF15F1C}.Release|x64.Build.0 = Release|x64
		{95AD1B6E-B7E9-41EB-8A07-94307BF15F1C}.Release|x86.ActiveCfg = Release|Win32
		{95AD1B6E-B7E9-41EB-8A07-94307BF15F1C}.Release|x86.Build.0 = Release|Win32
		{D7951B94-6ECD-43E8-BF86-352394BE8015}.Debug|x64.ActiveCfg = Debug|x64
		{D7951B94-6ECD-43E8-BF86-352394BE8015}.Debug|x64.Build.0 = Debug|x64
		{D7951B94-6ECD-43E8-BF86-352394BE8015}.Debug|x86.ActiveCfg = Debug|Win32
		{D7951B94-6ECD-43E8-BF86-352394BE8015}.Debug|x86.Build.0 = Debug|Win32
		{D7951B94-6ECD-43E8-BF86-352394BE8015}.Release|x64.ActiveCfg = Release|x64
		{D7951B94-6ECD-43E8-BF86-352394BE8015}.Release|x64.Build.0 = Release|x64
		{D7951B94-6ECD-43E8-BF86-352394BE8015}.Release|x86.ActiveCfg = Release|Win32
		{D7951B94-6ECD-43E8-BF86-352394BE8015}.Release|x86.Build.0 = Release|Win32
		{5B4CA5F8-2F5A-4723-82A7-A6111FB50C14}.Debug|x64.ActiveCfg = Debug|x64
		{5B4CA5F8-2F5A-4723-82A7-A6111FB50C14}.Debug|x64.Build.0 = Debug|x64
		{5B4CA5F8-2F5A-4723-82A7-A6111FB50C14}.Debug|x86.ActiveCfg = Debug|Win32
		{5B4CA5F8-2F5A-4723-82A7-A6111FB50C14}.Debug|x86.Build.0 = Debug|Win32
		{5B4CA5F8-2F5A-4723-82A7-A6111FB50C14}.Release|x64.ActiveCfg = Release|x64
		{5B4CA5F8-2F5A-4723-82A7-A6111FB50C14}.Release|x64.Build.0 = Release|x64
		{5B4CA5F8-2F5A-4723-82A7-A6111FB50C14}.Release|x86.ActiveCfg = Release|Win32
		{5B4CA5F8-2F5A-4723-82A7-A6111FB50C14}.Release|x86.Build.0 = Release|Win32
		{04F9F0BA-F9C1-4347-9563-0D9BA5C1E57B}.Debug|x64.ActiveCfg = Debug|x64
		{04F9F0BA-F9C1-4347-9563-0D9BA5C1E57B}.Debug|x64.Build.0 = Debug|x64
		{04F9F0BA-F9C1-4347-9563-0D9BA5C1E57B}.Debug|x86.ActiveCfg = Debug|Win32
		{04F9F0BA-F9C1-4347-9563-0D9BA5C1E57B}.Debug|x86.Build.0 = Debug|Win32
		{04F9F0BA-F9C1-4347-9563-0D9BA5C1E57B}.Release|x64.ActiveCfg = Release|x64
		{04F9F0BA-F9C1-4347-9563-0D9BA5C1E57B}.Release|x64.Build.0 = Release|x64
		{04F9F0BA-F9C1-4347-9563-0D9BA5C1E57B}.Release|x86.ActiveCfg = Release|Win32
		{04F9F0BA-F9C1-4347-9563-0D9BA5C1E57B}.Release|x86.Build.0 = Release|Win32
		{B6C69A6F-06AC-4F96-BEDC-B38DB9B8E2C9}.Debug|x64.ActiveCfg = Debug|x64
		{B6C69A6F-06AC-4F96-BEDC-B38DB9B8E2C9}.Debug|x64.Build.0 = Debug|x64
		{B6C69A6F-06AC-4F96-BEDC-B38DB9B8E2C9}.Debug|x86.ActiveCfg = Debug|Win32
		{B6C69A6F-06AC-4F96-BEDC-B38DB9B8E2C9}.Debug|x86.Build.0 = Debug|Win32
		{B6C69A6F-06AC-4F96-BEDC-B38DB9B8E2C9}.Release|x64.ActiveCfg = Release|x64
		{B6C69A6F-06AC-4F96-BEDC-B38DB9B8E2C9}.Release|x64.Build.0 = Release|x64
		{B6C69A6F-06AC-4F96-BEDC-B38DB9B8E2C9}.Release|x86.ActiveCfg = Release|Win32
		{B6C69A6F-06AC-4F96-BEDC-B38DB9B8E2C9}.Release|x86.Build.0 = Release|Win32
		{5F0E9724-E259-4721-BBB5-25AA67546AB2}.Debug|x64.ActiveCfg = Debug|x64
		{5F0E9724-E259-4721-BBB5-25AA67546AB2}.Debug|x64.Build.0 = Debug|x64
		{5F0E9724-E259-4721-BBB5-25AA67546AB2}.Debug|x86.ActiveCfg = Debug|Win32
		{5F0E9724-E259-4721-BBB5-25AA67546AB2}.Debug|x86.Build.0 = Debug|Win32
		{5F0E9724-E259-4721-BBB5-25AA67546AB2}.Release|x64.ActiveCfg = Release|x64
		{5F0E9724-E259-4721-BBB5-25AA67546AB2}.Release|x64.Build.0 = Release|x64
		{5F0E9724-E259-4721-BBB5-25AA67546AB2}.Release|x86.ActiveCfg = Release|Win32
		{5F0E9724-E259-4721-BBB5-25AA67546AB2}.Release|x86.Build.0 = Release|Win32
		{74446E3A-580C-44D3-9A65-29E7D897216F}.Debug|x64.ActiveCfg = Debug|x64
		{74446E3A-580C-44D3-9A65-29E7D897216F}.Debug|x64.Build.0 = Debug|x64
		{74446E3A-580C-44D3-9A65-29E7D897216F}.Debug|x86.ActiveCfg = Debug|Win32
		{74446E3A-580C-44D3-9A65-29E7D897216F}.Debug|x86.Build.0 = Debug|Win32
		{74446E3A-580C-44D3-9A65-29E7D897216F}.Release|x64.ActiveCfg = Release|x64
		{74446E3A-580C-44D3-9A65-29E7D897216F}.Release|x64.Build.0 = Release|x64
		{74446E3A-580C-44D3-9A65-29E7D897216F}.Release|x86.ActiveCfg = Release|Win32
		{74446E3A-580C-44D3-9A65-29E7D897216F}.Release|x86.Build.0 = Release|Win32
		{43704A92-0450-4496-91EB-CE20317F043B}.Debug|x64.ActiveCfg = Debug|x64
		{43704A92-0450-4496-91EB-CE20317F043B}.Debug|x64.Build.0 = Debug|x64
		{43704A92-0450-4496-91EB-CE20317F043B}.Debug|x86.ActiveCfg = Debug|Win32
		{43704A92-0450-4496-91EB-CE20317F043B}.Debug|x86.Build.0 = Debug|Win32
		{43704A92-0450-4496-91EB-CE20317F043B}.Release|x64.ActiveCfg = Release|x64
		{43704A92-0450-4496-91EB-CE20317F043B}.Release|x64.Build.0 = Release|x64
		{43704A92-0450-4496-91EB-CE20317F043B}.Release|x86.ActiveCfg = Release|Win32
		{43704A92-0450-4496-91EB-CE20317F043B}.Release|x86.Build.0 = Release|Win32
	EndGlobalSection
	GlobalSection(SolutionProperties) = preSolution
		HideSolutionNode = FALSE
	EndGlobalSection
EndGlobal
