
Microsoft Visual Studio Solution File, Format Version 12.00
# Visual Studio 14
VisualStudioVersion = 14.0.25420.1
MinimumVisualStudioVersion = 10.0.40219.1
Project("{8BC9CEB8-8B4A-11D0-8D11-00A0C91BC942}") = "usett0", "thirteenth_chapter\thirteenth_chapter.vcxproj", "{E1789D0D-F42E-432B-8764-B4EFC970C106}"
EndProject
Project("{8BC9CEB8-8B4A-11D0-8D11-00A0C91BC942}") = "usett1", "usett1\usett1.vcxproj", "{8237A184-A873-4CEF-9D0A-03A77FB3CB54}"
EndProject
Project("{8BC9CEB8-8B4A-11D0-8D11-00A0C91BC942}") = "usebrass", "usebrass\usebrass.vcxproj", "{C2BBF1C6-CFC3-40DF-823D-388503006285}"
EndProject
Project("{8BC9CEB8-8B4A-11D0-8D11-00A0C91BC942}") = "usebrass3", "usebrass3\usebrass3.vcxproj", "{E1313F20-7FBF-4EAA-9822-CAD9D68CDCD7}"
EndProject
Project("{8BC9CEB8-8B4A-11D0-8D11-00A0C91BC942}") = "usedma", "usedma\usedma.vcxproj", "{8C005CC7-80D9-49ED-86AE-3625201D2A1F}"
EndProject
Global
	GlobalSection(SolutionConfigurationPlatforms) = preSolution
		Debug|x64 = Debug|x64
		Debug|x86 = Debug|x86
		Release|x64 = Release|x64
		Release|x86 = Release|x86
	EndGlobalSection
	GlobalSection(ProjectConfigurationPlatforms) = postSolution
		{E1789D0D-F42E-432B-8764-B4EFC970C106}.Debug|x64.ActiveCfg = Debug|x64
		{E1789D0D-F42E-432B-8764-B4EFC970C106}.Debug|x64.Build.0 = Debug|x64
		{E1789D0D-F42E-432B-8764-B4EFC970C106}.Debug|x86.ActiveCfg = Debug|Win32
		{E1789D0D-F42E-432B-8764-B4EFC970C106}.Debug|x86.Build.0 = Debug|Win32
		{E1789D0D-F42E-432B-8764-B4EFC970C106}.Release|x64.ActiveCfg = Release|x64
		{E1789D0D-F42E-432B-8764-B4EFC970C106}.Release|x64.Build.0 = Release|x64
		{E1789D0D-F42E-432B-8764-B4EFC970C106}.Release|x86.ActiveCfg = Release|Win32
		{E1789D0D-F42E-432B-8764-B4EFC970C106}.Release|x86.Build.0 = Release|Win32
		{8237A184-A873-4CEF-9D0A-03A77FB3CB54}.Debug|x64.ActiveCfg = Debug|x64
		{8237A184-A873-4CEF-9D0A-03A77FB3CB54}.Debug|x64.Build.0 = Debug|x64
		{8237A184-A873-4CEF-9D0A-03A77FB3CB54}.Debug|x86.ActiveCfg = Debug|Win32
		{8237A184-A873-4CEF-9D0A-03A77FB3CB54}.Debug|x86.Build.0 = Debug|Win32
		{8237A184-A873-4CEF-9D0A-03A77FB3CB54}.Release|x64.ActiveCfg = Release|x64
		{8237A184-A873-4CEF-9D0A-03A77FB3CB54}.Release|x64.Build.0 = Release|x64
		{8237A184-A873-4CEF-9D0A-03A77FB3CB54}.Release|x86.ActiveCfg = Release|Win32
		{8237A184-A873-4CEF-9D0A-03A77FB3CB54}.Release|x86.Build.0 = Release|Win32
		{C2BBF1C6-CFC3-40DF-823D-388503006285}.Debug|x64.ActiveCfg = Debug|x64
		{C2BBF1C6-CFC3-40DF-823D-388503006285}.Debug|x64.Build.0 = Debug|x64
		{C2BBF1C6-CFC3-40DF-823D-388503006285}.Debug|x86.ActiveCfg = Debug|Win32
		{C2BBF1C6-CFC3-40DF-823D-388503006285}.Debug|x86.Build.0 = Debug|Win32
		{C2BBF1C6-CFC3-40DF-823D-388503006285}.Release|x64.ActiveCfg = Release|x64
		{C2BBF1C6-CFC3-40DF-823D-388503006285}.Release|x64.Build.0 = Release|x64
		{C2BBF1C6-CFC3-40DF-823D-388503006285}.Release|x86.ActiveCfg = Release|Win32
		{C2BBF1C6-CFC3-40DF-823D-388503006285}.Release|x86.Build.0 = Release|Win32
		{E1313F20-7FBF-4EAA-9822-CAD9D68CDCD7}.Debug|x64.ActiveCfg = Debug|x64
		{E1313F20-7FBF-4EAA-9822-CAD9D68CDCD7}.Debug|x64.Build.0 = Debug|x64
		{E1313F20-7FBF-4EAA-9822-CAD9D68CDCD7}.Debug|x86.ActiveCfg = Debug|Win32
		{E1313F20-7FBF-4EAA-9822-CAD9D68CDCD7}.Debug|x86.Build.0 = Debug|Win32
		{E1313F20-7FBF-4EAA-9822-CAD9D68CDCD7}.Release|x64.ActiveCfg = Release|x64
		{E1313F20-7FBF-4EAA-9822-CAD9D68CDCD7}.Release|x64.Build.0 = Release|x64
		{E1313F20-7FBF-4EAA-9822-CAD9D68CDCD7}.Release|x86.ActiveCfg = Release|Win32
		{E1313F20-7FBF-4EAA-9822-CAD9D68CDCD7}.Release|x86.Build.0 = Release|Win32
		{8C005CC7-80D9-49ED-86AE-3625201D2A1F}.Debug|x64.ActiveCfg = Debug|x64
		{8C005CC7-80D9-49ED-86AE-3625201D2A1F}.Debug|x64.Build.0 = Debug|x64
		{8C005CC7-80D9-49ED-86AE-3625201D2A1F}.Debug|x86.ActiveCfg = Debug|Win32
		{8C005CC7-80D9-49ED-86AE-3625201D2A1F}.Debug|x86.Build.0 = Debug|Win32
		{8C005CC7-80D9-49ED-86AE-3625201D2A1F}.Release|x64.ActiveCfg = Release|x64
		{8C005CC7-80D9-49ED-86AE-3625201D2A1F}.Release|x64.Build.0 = Release|x64
		{8C005CC7-80D9-49ED-86AE-3625201D2A1F}.Release|x86.ActiveCfg = Release|Win32
		{8C005CC7-80D9-49ED-86AE-3625201D2A1F}.Release|x86.Build.0 = Release|Win32
	EndGlobalSection
	GlobalSection(SolutionProperties) = preSolution
		HideSolutionNode = FALSE
	EndGlobalSection
EndGlobal
