
Microsoft Visual Studio Solution File, Format Version 12.00
# Visual Studio 14
VisualStudioVersion = 14.0.25420.1
MinimumVisualStudioVersion = 10.0.40219.1
Project("{8BC9CEB8-8B4A-11D0-8D11-00A0C91BC942}") = "eleventh_chapter", "eleventh_chapter\eleventh_chapter.vcxproj", "{AB455D0D-8A16-4C32-82A5-26E23F0B434F}"
EndProject
Project("{8BC9CEB8-8B4A-11D0-8D11-00A0C91BC942}") = "vector", "vector\vector.vcxproj", "{482B62FE-37EF-40AE-AB0F-3E4BBFC69540}"
EndProject
Project("{8BC9CEB8-8B4A-11D0-8D11-00A0C91BC942}") = "stone", "stone\stone.vcxproj", "{F59618BD-A61C-41B9-B916-D79850B43238}"
EndProject
Project("{8BC9CEB8-8B4A-11D0-8D11-00A0C91BC942}") = "stone1", "stone1\stone1.vcxproj", "{A32A0096-F47B-42C9-BDB3-F0D8B36BB1F8}"
EndProject
Project("{8BC9CEB8-8B4A-11D0-8D11-00A0C91BC942}") = "vegnews", "vegnews\vegnews.vcxproj", "{F9F2422A-C0A6-4ECB-98DC-C1A47EE0E1E4}"
EndProject
Project("{8BC9CEB8-8B4A-11D0-8D11-00A0C91BC942}") = "sayings1", "sayings1\sayings1.vcxproj", "{E30ACB36-6AE5-4603-8F77-D3EC52805F72}"
EndProject
Project("{8BC9CEB8-8B4A-11D0-8D11-00A0C91BC942}") = "sayings", "sayings\sayings.vcxproj", "{E43BEE54-9972-4B99-B189-60F4DDC803EB}"
EndProject
Project("{8BC9CEB8-8B4A-11D0-8D11-00A0C91BC942}") = "sayings2", "sayings2\sayings2.vcxproj", "{FE7C5E58-E79A-408E-B610-FDB2353ACA47}"
EndProject
Global
	GlobalSection(SolutionConfigurationPlatforms) = preSolution
		Debug|x64 = Debug|x64
		Debug|x86 = Debug|x86
		Release|x64 = Release|x64
		Release|x86 = Release|x86
	EndGlobalSection
	GlobalSection(ProjectConfigurationPlatforms) = postSolution
		{AB455D0D-8A16-4C32-82A5-26E23F0B434F}.Debug|x64.ActiveCfg = Debug|x64
		{AB455D0D-8A16-4C32-82A5-26E23F0B434F}.Debug|x64.Build.0 = Debug|x64
		{AB455D0D-8A16-4C32-82A5-26E23F0B434F}.Debug|x86.ActiveCfg = Debug|Win32
		{AB455D0D-8A16-4C32-82A5-26E23F0B434F}.Debug|x86.Build.0 = Debug|Win32
		{AB455D0D-8A16-4C32-82A5-26E23F0B434F}.Release|x64.ActiveCfg = Release|x64
		{AB455D0D-8A16-4C32-82A5-26E23F0B434F}.Release|x64.Build.0 = Release|x64
		{AB455D0D-8A16-4C32-82A5-26E23F0B434F}.Release|x86.ActiveCfg = Release|Win32
		{AB455D0D-8A16-4C32-82A5-26E23F0B434F}.Release|x86.Build.0 = Release|Win32
		{482B62FE-37EF-40AE-AB0F-3E4BBFC69540}.Debug|x64.ActiveCfg = Debug|x64
		{482B62FE-37EF-40AE-AB0F-3E4BBFC69540}.Debug|x64.Build.0 = Debug|x64
		{482B62FE-37EF-40AE-AB0F-3E4BBFC69540}.Debug|x86.ActiveCfg = Debug|Win32
		{482B62FE-37EF-40AE-AB0F-3E4BBFC69540}.Debug|x86.Build.0 = Debug|Win32
		{482B62FE-37EF-40AE-AB0F-3E4BBFC69540}.Release|x64.ActiveCfg = Release|x64
		{482B62FE-37EF-40AE-AB0F-3E4BBFC69540}.Release|x64.Build.0 = Release|x64
		{482B62FE-37EF-40AE-AB0F-3E4BBFC69540}.Release|x86.ActiveCfg = Release|Win32
		{482B62FE-37EF-40AE-AB0F-3E4BBFC69540}.Release|x86.Build.0 = Release|Win32
		{F59618BD-A61C-41B9-B916-D79850B43238}.Debug|x64.ActiveCfg = Debug|x64
		{F59618BD-A61C-41B9-B916-D79850B43238}.Debug|x64.Build.0 = Debug|x64
		{F59618BD-A61C-41B9-B916-D79850B43238}.Debug|x86.ActiveCfg = Debug|Win32
		{F59618BD-A61C-41B9-B916-D79850B43238}.Debug|x86.Build.0 = Debug|Win32
		{F59618BD-A61C-41B9-B916-D79850B43238}.Release|x64.ActiveCfg = Release|x64
		{F59618BD-A61C-41B9-B916-D79850B43238}.Release|x64.Build.0 = Release|x64
		{F59618BD-A61C-41B9-B916-D79850B43238}.Release|x86.ActiveCfg = Release|Win32
		{F59618BD-A61C-41B9-B916-D79850B43238}.Release|x86.Build.0 = Release|Win32
		{A32A0096-F47B-42C9-BDB3-F0D8B36BB1F8}.Debug|x64.ActiveCfg = Debug|x64
		{A32A0096-F47B-42C9-BDB3-F0D8B36BB1F8}.Debug|x64.Build.0 = Debug|x64
		{A32A0096-F47B-42C9-BDB3-F0D8B36BB1F8}.Debug|x86.ActiveCfg = Debug|Win32
		{A32A0096-F47B-42C9-BDB3-F0D8B36BB1F8}.Debug|x86.Build.0 = Debug|Win32
		{A32A0096-F47B-42C9-BDB3-F0D8B36BB1F8}.Release|x64.ActiveCfg = Release|x64
		{A32A0096-F47B-42C9-BDB3-F0D8B36BB1F8}.Release|x64.Build.0 = Release|x64
		{A32A0096-F47B-42C9-BDB3-F0D8B36BB1F8}.Release|x86.ActiveCfg = Release|Win32
		{A32A0096-F47B-42C9-BDB3-F0D8B36BB1F8}.Release|x86.Build.0 = Release|Win32
		{F9F2422A-C0A6-4ECB-98DC-C1A47EE0E1E4}.Debug|x64.ActiveCfg = Debug|x64
		{F9F2422A-C0A6-4ECB-98DC-C1A47EE0E1E4}.Debug|x64.Build.0 = Debug|x64
		{F9F2422A-C0A6-4ECB-98DC-C1A47EE0E1E4}.Debug|x86.ActiveCfg = Debug|Win32
		{F9F2422A-C0A6-4ECB-98DC-C1A47EE0E1E4}.Debug|x86.Build.0 = Debug|Win32
		{F9F2422A-C0A6-4ECB-98DC-C1A47EE0E1E4}.Release|x64.ActiveCfg = Release|x64
		{F9F2422A-C0A6-4ECB-98DC-C1A47EE0E1E4}.Release|x64.Build.0 = Release|x64
		{F9F2422A-C0A6-4ECB-98DC-C1A47EE0E1E4}.Release|x86.ActiveCfg = Release|Win32
		{F9F2422A-C0A6-4ECB-98DC-C1A47EE0E1E4}.Release|x86.Build.0 = Release|Win32
		{E30ACB36-6AE5-4603-8F77-D3EC52805F72}.Debug|x64.ActiveCfg = Debug|x64
		{E30ACB36-6AE5-4603-8F77-D3EC52805F72}.Debug|x64.Build.0 = Debug|x64
		{E30ACB36-6AE5-4603-8F77-D3EC52805F72}.Debug|x86.ActiveCfg = Debug|Win32
		{E30ACB36-6AE5-4603-8F77-D3EC52805F72}.Debug|x86.Build.0 = Debug|Win32
		{E30ACB36-6AE5-4603-8F77-D3EC52805F72}.Release|x64.ActiveCfg = Release|x64
		{E30ACB36-6AE5-4603-8F77-D3EC52805F72}.Release|x64.Build.0 = Release|x64
		{E30ACB36-6AE5-4603-8F77-D3EC52805F72}.Release|x86.ActiveCfg = Release|Win32
		{E30ACB36-6AE5-4603-8F77-D3EC52805F72}.Release|x86.Build.0 = Release|Win32
		{E43BEE54-9972-4B99-B189-60F4DDC803EB}.Debug|x64.ActiveCfg = Debug|x64
		{E43BEE54-9972-4B99-B189-60F4DDC803EB}.Debug|x64.Build.0 = Debug|x64
		{E43BEE54-9972-4B99-B189-60F4DDC803EB}.Debug|x86.ActiveCfg = Debug|Win32
		{E43BEE54-9972-4B99-B189-60F4DDC803EB}.Debug|x86.Build.0 = Debug|Win32
		{E43BEE54-9972-4B99-B189-60F4DDC803EB}.Release|x64.ActiveCfg = Release|x64
		{E43BEE54-9972-4B99-B189-60F4DDC803EB}.Release|x64.Build.0 = Release|x64
		{E43BEE54-9972-4B99-B189-60F4DDC803EB}.Release|x86.ActiveCfg = Release|Win32
		{E43BEE54-9972-4B99-B189-60F4DDC803EB}.Release|x86.Build.0 = Release|Win32
		{FE7C5E58-E79A-408E-B610-FDB2353ACA47}.Debug|x64.ActiveCfg = Debug|x64
		{FE7C5E58-E79A-408E-B610-FDB2353ACA47}.Debug|x64.Build.0 = Debug|x64
		{FE7C5E58-E79A-408E-B610-FDB2353ACA47}.Debug|x86.ActiveCfg = Debug|Win32
		{FE7C5E58-E79A-408E-B610-FDB2353ACA47}.Debug|x86.Build.0 = Debug|Win32
		{FE7C5E58-E79A-408E-B610-FDB2353ACA47}.Release|x64.ActiveCfg = Release|x64
		{FE7C5E58-E79A-408E-B610-FDB2353ACA47}.Release|x64.Build.0 = Release|x64
		{FE7C5E58-E79A-408E-B610-FDB2353ACA47}.Release|x86.ActiveCfg = Release|Win32
		{FE7C5E58-E79A-408E-B610-FDB2353ACA47}.Release|x86.Build.0 = Release|Win32
	EndGlobalSection
	GlobalSection(SolutionProperties) = preSolution
		HideSolutionNode = FALSE
	EndGlobalSection
EndGlobal
